PODS:
  - Flutter (1.0.0)
  - flutter_trusted_device_v2 (0.0.1):
    - Flutter

DEPENDENCIES:
  - Flutter (from `Flutter`)
  - flutter_trusted_device_v2 (from `.symlinks/plugins/flutter_trusted_device_v2/ios`)

EXTERNAL SOURCES:
  Flutter:
    :path: Flutter
  flutter_trusted_device_v2:
    :path: ".symlinks/plugins/flutter_trusted_device_v2/ios"

SPEC CHECKSUMS:
  Flutter: e0871f40cf51350855a761d2e70bf5af5b9b5de7
  flutter_trusted_device_v2: 3a5b5b04c6dc19491fbef59f0a003e0687b2a63b

PODFILE CHECKSUM: ee1ac501daa71ca9335d52b36b41b43ea893ecb6

COCOAPODS: 1.15.2
